
Microsoft Visual Studio Solution File, Format Version 12.00
# Visual Studio Version 17
VisualStudioVersion = 17.14.36616.10 d17.14
MinimumVisualStudioVersion = 10.0.40219.1
Project("{FAE04EC0-301F-11D3-BF4B-00C04F79EFBC}") = "Finance_management_Project", "Finance_management_Project.csproj", "{0165B728-196A-4324-B7EA-3F9A789233EF}"
EndProject
Global
	GlobalSection(SolutionConfigurationPlatforms) = preSolution
		Debug|Any CPU = Debug|Any CPU
		Release|Any CPU = Release|Any CPU
	EndGlobalSection
	GlobalSection(ProjectConfigurationPlatforms) = postSolution
		{0165B728-196A-4324-B7EA-3F9A789233EF}.Debug|Any CPU.ActiveCfg = Debug|Any CPU
		{0165B728-196A-4324-B7EA-3F9A789233EF}.Debug|Any CPU.Build.0 = Debug|Any CPU
		{0165B728-196A-4324-B7EA-3F9A789233EF}.Release|Any CPU.ActiveCfg = Release|Any CPU
		{0165B728-196A-4324-B7EA-3F9A789233EF}.Release|Any CPU.Build.0 = Release|Any CPU
	EndGlobalSection
	GlobalSection(SolutionProperties) = preSolution
		HideSolutionNode = FALSE
	EndGlobalSection
	GlobalSection(ExtensibilityGlobals) = postSolution
		SolutionGuid = {196D5FBF-1988-48E2-8EDE-83D032BC744C}
	EndGlobalSection
EndGlobal
